
Microsoft Visual Studio Solution File, Format Version 12.00
# Visual Studio Version 16
VisualStudioVersion = 16.0.30611.23
MinimumVisualStudioVersion = 10.0.40219.1
Project("{FAE04EC0-301F-11D3-BF4B-00C04F79EFBC}") = "university_database", "university_database.csproj", "{5D232E5C-011A-4DCE-B171-E7E6A58F3A52}"
EndProject
Global
	GlobalSection(SolutionConfigurationPlatforms) = preSolution
		Debug|Any CPU = Debug|Any CPU
		Release|Any CPU = Release|Any CPU
	EndGlobalSection
	GlobalSection(ProjectConfigurationPlatforms) = postSolution
		{5D232E5C-011A-4DCE-B171-E7E6A58F3A52}.Debug|Any CPU.ActiveCfg = Debug|Any CPU
		{5D232E5C-011A-4DCE-B171-E7E6A58F3A52}.Debug|Any CPU.Build.0 = Debug|Any CPU
		{5D232E5C-011A-4DCE-B171-E7E6A58F3A52}.Release|Any CPU.ActiveCfg = Release|Any CPU
		{5D232E5C-011A-4DCE-B171-E7E6A58F3A52}.Release|Any CPU.Build.0 = Release|Any CPU
	EndGlobalSection
	GlobalSection(SolutionProperties) = preSolution
		HideSolutionNode = FALSE
	EndGlobalSection
	GlobalSection(ExtensibilityGlobals) = postSolution
		SolutionGuid = {28E64739-F544-49B5-A745-0367F21DFC0E}
	EndGlobalSection
EndGlobal
